
Microsoft Visual Studio Solution File, Format Version 12.00
# Visual Studio 15
VisualStudioVersion = 15.0.26430.12
MinimumVisualStudioVersion = 10.0.40219.1
Project("{FAE04EC0-301F-11D3-BF4B-00C04F79EFBC}") = "NSUtils", "NSUtils\NSUtils.csproj", "{BE6A545F-A97F-4598-A47D-820CFCCE39DE}"
EndProject
Project("{FAE04EC0-301F-11D3-BF4B-00C04F79EFBC}") = "NSUtils.Mvx", "NSUtilsMvx\NSUtils.Mvx.csproj", "{1B8E8FE6-6AD2-44E6-879B-538A9D0E8764}"
EndProject
Project("{FAE04EC0-301F-11D3-BF4B-00C04F79EFBC}") = "NSUtils.Droid", "NSUtils.Droid\NSUtils.Droid.csproj", "{23EF32E9-D7E2-4AF9-8F1A-A68C1C18711A}"
EndProject
Project("{FAE04EC0-301F-11D3-BF4B-00C04F79EFBC}") = "NSUtils.Mvx.Droid", "NSUtils.Droid.Mvx\NSUtils.Mvx.Droid.csproj", "{614B5871-4421-45A1-91DC-3B58E0329C24}"
EndProject
Project("{FAE04EC0-301F-11D3-BF4B-00C04F79EFBC}") = "NSUtils.Touch", "NSUtils.Touch\NSUtils.Touch.csproj", "{7A7369E8-7D1D-4C4E-A798-07AC695BBB8F}"
EndProject
Project("{FAE04EC0-301F-11D3-BF4B-00C04F79EFBC}") = "NSUtils.Mvx.Touch", "NSUtils.Touch.Mvx\NSUtils.Mvx.Touch.csproj", "{661854A6-EA3C-4896-B7BE-B55E62D08D2E}"
EndProject
Project("{FAE04EC0-301F-11D3-BF4B-00C04F79EFBC}") = "NSUtils.Validation", "NSUtils.Validation\NSUtils.Validation.csproj", "{E0B2E030-88D8-40D2-8905-10F2407B67A7}"
EndProject
Project("{FAE04EC0-301F-11D3-BF4B-00C04F79EFBC}") = "NSUtils.Json", "NSUtils.Json\NSUtils.Json.csproj", "{A2F7A36C-03B4-4057-ABC0-694087C4B567}"
EndProject
Project("{FAE04EC0-301F-11D3-BF4B-00C04F79EFBC}") = "NSUtils.Net", "NSUtils.Net\NSUtils.Net.csproj", "{4C22BDE7-F863-48FE-9356-B27901315EBF}"
EndProject
Project("{FAE04EC0-301F-11D3-BF4B-00C04F79EFBC}") = "NSUtils.Database", "NSUtils.Database\NSUtils.Database.csproj", "{327E96D6-B170-4BD0-A41C-D0BBF9768856}"
EndProject
Project("{FAE04EC0-301F-11D3-BF4B-00C04F79EFBC}") = "NSUtils.Database.SQLite.Droid", "NSUtils.Database.SQLite.Droid\NSUtils.Database.SQLite.Droid.csproj", "{0EE82762-DFB9-4F5B-A4E2-791FA86CB96F}"
EndProject
Project("{9A19103F-16F7-4668-BE54-9A1E7A4F7556}") = "CoreTesting", "CoreTesting\CoreTesting.csproj", "{1137C235-9505-4A95-ABF3-C9D735B2F0DE}"
EndProject
Project("{FAE04EC0-301F-11D3-BF4B-00C04F79EFBC}") = "DroidTesting", "DroidTesting\DroidTesting.csproj", "{4763D7C1-578D-414F-9D41-870E253284B0}"
EndProject
Project("{FAE04EC0-301F-11D3-BF4B-00C04F79EFBC}") = "TouchTesting", "TouchTesting\TouchTesting.csproj", "{10729365-8BD1-4856-A891-C1AC0D930753}"
EndProject
Project("{2150E333-8FDC-42A3-9474-1A3956D46DE8}") = "UnitTesting", "UnitTesting", "{EC336DBB-BA8F-4D19-899C-F78599CAAA30}"
EndProject
Project("{2150E333-8FDC-42A3-9474-1A3956D46DE8}") = "Core", "Core", "{DDC77678-8AE6-4530-8AD5-4A94FAE7B985}"
EndProject
Project("{2150E333-8FDC-42A3-9474-1A3956D46DE8}") = "Touch", "Touch", "{168508CA-97A0-4D33-808C-C8A14225D9B0}"
EndProject
Project("{2150E333-8FDC-42A3-9474-1A3956D46DE8}") = "Droid", "Droid", "{251457AA-E428-4842-B9AB-A9E90DF9ADBE}"
EndProject
Global
	GlobalSection(SolutionConfigurationPlatforms) = preSolution
		Ad-Hoc|Any CPU = Ad-Hoc|Any CPU
		Ad-Hoc|iPhone = Ad-Hoc|iPhone
		Ad-Hoc|iPhoneSimulator = Ad-Hoc|iPhoneSimulator
		AppStore|Any CPU = AppStore|Any CPU
		AppStore|iPhone = AppStore|iPhone
		AppStore|iPhoneSimulator = AppStore|iPhoneSimulator
		Debug|Any CPU = Debug|Any CPU
		Debug|iPhone = Debug|iPhone
		Debug|iPhoneSimulator = Debug|iPhoneSimulator
		Release|Any CPU = Release|Any CPU
		Release|iPhone = Release|iPhone
		Release|iPhoneSimulator = Release|iPhoneSimulator
	EndGlobalSection
	GlobalSection(ProjectConfigurationPlatforms) = postSolution
		{BE6A545F-A97F-4598-A47D-820CFCCE39DE}.Ad-Hoc|Any CPU.ActiveCfg = Release|Any CPU
		{BE6A545F-A97F-4598-A47D-820CFCCE39DE}.Ad-Hoc|Any CPU.Build.0 = Release|Any CPU
		{BE6A545F-A97F-4598-A47D-820CFCCE39DE}.Ad-Hoc|iPhone.ActiveCfg = Release|Any CPU
		{BE6A545F-A97F-4598-A47D-820CFCCE39DE}.Ad-Hoc|iPhone.Build.0 = Release|Any CPU
		{BE6A545F-A97F-4598-A47D-820CFCCE39DE}.Ad-Hoc|iPhoneSimulator.ActiveCfg = Release|Any CPU
		{BE6A545F-A97F-4598-A47D-820CFCCE39DE}.Ad-Hoc|iPhoneSimulator.Build.0 = Release|Any CPU
		{BE6A545F-A97F-4598-A47D-820CFCCE39DE}.AppStore|Any CPU.ActiveCfg = Release|Any CPU
		{BE6A545F-A97F-4598-A47D-820CFCCE39DE}.AppStore|Any CPU.Build.0 = Release|Any CPU
		{BE6A545F-A97F-4598-A47D-820CFCCE39DE}.AppStore|iPhone.ActiveCfg = Release|Any CPU
		{BE6A545F-A97F-4598-A47D-820CFCCE39DE}.AppStore|iPhone.Build.0 = Release|Any CPU
		{BE6A545F-A97F-4598-A47D-820CFCCE39DE}.AppStore|iPhoneSimulator.ActiveCfg = Release|Any CPU
		{BE6A545F-A97F-4598-A47D-820CFCCE39DE}.AppStore|iPhoneSimulator.Build.0 = Release|Any CPU
		{BE6A545F-A97F-4598-A47D-820CFCCE39DE}.Debug|Any CPU.ActiveCfg = Debug|Any CPU
		{BE6A545F-A97F-4598-A47D-820CFCCE39DE}.Debug|Any CPU.Build.0 = Debug|Any CPU
		{BE6A545F-A97F-4598-A47D-820CFCCE39DE}.Debug|iPhone.ActiveCfg = Debug|Any CPU
		{BE6A545F-A97F-4598-A47D-820CFCCE39DE}.Debug|iPhone.Build.0 = Debug|Any CPU
		{BE6A545F-A97F-4598-A47D-820CFCCE39DE}.Debug|iPhoneSimulator.ActiveCfg = Debug|Any CPU
		{BE6A545F-A97F-4598-A47D-820CFCCE39DE}.Debug|iPhoneSimulator.Build.0 = Debug|Any CPU
		{BE6A545F-A97F-4598-A47D-820CFCCE39DE}.Release|Any CPU.ActiveCfg = Release|Any CPU
		{BE6A545F-A97F-4598-A47D-820CFCCE39DE}.Release|Any CPU.Build.0 = Release|Any CPU
		{BE6A545F-A97F-4598-A47D-820CFCCE39DE}.Release|iPhone.ActiveCfg = Release|Any CPU
		{BE6A545F-A97F-4598-A47D-820CFCCE39DE}.Release|iPhone.Build.0 = Release|Any CPU
		{BE6A545F-A97F-4598-A47D-820CFCCE39DE}.Release|iPhoneSimulator.ActiveCfg = Release|Any CPU
		{BE6A545F-A97F-4598-A47D-820CFCCE39DE}.Release|iPhoneSimulator.Build.0 = Release|Any CPU
		{1B8E8FE6-6AD2-44E6-879B-538A9D0E8764}.Ad-Hoc|Any CPU.ActiveCfg = Release|Any CPU
		{1B8E8FE6-6AD2-44E6-879B-538A9D0E8764}.Ad-Hoc|Any CPU.Build.0 = Release|Any CPU
		{1B8E8FE6-6AD2-44E6-879B-538A9D0E8764}.Ad-Hoc|iPhone.ActiveCfg = Release|Any CPU
		{1B8E8FE6-6AD2-44E6-879B-538A9D0E8764}.Ad-Hoc|iPhone.Build.0 = Release|Any CPU
		{1B8E8FE6-6AD2-44E6-879B-538A9D0E8764}.Ad-Hoc|iPhoneSimulator.ActiveCfg = Release|Any CPU
		{1B8E8FE6-6AD2-44E6-879B-538A9D0E8764}.Ad-Hoc|iPhoneSimulator.Build.0 = Release|Any CPU
		{1B8E8FE6-6AD2-44E6-879B-538A9D0E8764}.AppStore|Any CPU.ActiveCfg = Release|Any CPU
		{1B8E8FE6-6AD2-44E6-879B-538A9D0E8764}.AppStore|Any CPU.Build.0 = Release|Any CPU
		{1B8E8FE6-6AD2-44E6-879B-538A9D0E8764}.AppStore|iPhone.ActiveCfg = Release|Any CPU
		{1B8E8FE6-6AD2-44E6-879B-538A9D0E8764}.AppStore|iPhone.Build.0 = Release|Any CPU
		{1B8E8FE6-6AD2-44E6-879B-538A9D0E8764}.AppStore|iPhoneSimulator.ActiveCfg = Release|Any CPU
		{1B8E8FE6-6AD2-44E6-879B-538A9D0E8764}.AppStore|iPhoneSimulator.Build.0 = Release|Any CPU
		{1B8E8FE6-6AD2-44E6-879B-538A9D0E8764}.Debug|Any CPU.ActiveCfg = Debug|Any CPU
		{1B8E8FE6-6AD2-44E6-879B-538A9D0E8764}.Debug|Any CPU.Build.0 = Debug|Any CPU
		{1B8E8FE6-6AD2-44E6-879B-538A9D0E8764}.Debug|iPhone.ActiveCfg = Debug|Any CPU
		{1B8E8FE6-6AD2-44E6-879B-538A9D0E8764}.Debug|iPhone.Build.0 = Debug|Any CPU
		{1B8E8FE6-6AD2-44E6-879B-538A9D0E8764}.Debug|iPhoneSimulator.ActiveCfg = Debug|Any CPU
		{1B8E8FE6-6AD2-44E6-879B-538A9D0E8764}.Debug|iPhoneSimulator.Build.0 = Debug|Any CPU
		{1B8E8FE6-6AD2-44E6-879B-538A9D0E8764}.Release|Any CPU.ActiveCfg = Release|Any CPU
		{1B8E8FE6-6AD2-44E6-879B-538A9D0E8764}.Release|Any CPU.Build.0 = Release|Any CPU
		{1B8E8FE6-6AD2-44E6-879B-538A9D0E8764}.Release|iPhone.ActiveCfg = Release|Any CPU
		{1B8E8FE6-6AD2-44E6-879B-538A9D0E8764}.Release|iPhone.Build.0 = Release|Any CPU
		{1B8E8FE6-6AD2-44E6-879B-538A9D0E8764}.Release|iPhoneSimulator.ActiveCfg = Release|Any CPU
		{1B8E8FE6-6AD2-44E6-879B-538A9D0E8764}.Release|iPhoneSimulator.Build.0 = Release|Any CPU
		{23EF32E9-D7E2-4AF9-8F1A-A68C1C18711A}.Ad-Hoc|Any CPU.ActiveCfg = Release|Any CPU
		{23EF32E9-D7E2-4AF9-8F1A-A68C1C18711A}.Ad-Hoc|Any CPU.Build.0 = Release|Any CPU
		{23EF32E9-D7E2-4AF9-8F1A-A68C1C18711A}.Ad-Hoc|iPhone.ActiveCfg = Release|Any CPU
		{23EF32E9-D7E2-4AF9-8F1A-A68C1C18711A}.Ad-Hoc|iPhone.Build.0 = Release|Any CPU
		{23EF32E9-D7E2-4AF9-8F1A-A68C1C18711A}.Ad-Hoc|iPhoneSimulator.ActiveCfg = Release|Any CPU
		{23EF32E9-D7E2-4AF9-8F1A-A68C1C18711A}.Ad-Hoc|iPhoneSimulator.Build.0 = Release|Any CPU
		{23EF32E9-D7E2-4AF9-8F1A-A68C1C18711A}.AppStore|Any CPU.ActiveCfg = Release|Any CPU
		{23EF32E9-D7E2-4AF9-8F1A-A68C1C18711A}.AppStore|Any CPU.Build.0 = Release|Any CPU
		{23EF32E9-D7E2-4AF9-8F1A-A68C1C18711A}.AppStore|iPhone.ActiveCfg = Release|Any CPU
		{23EF32E9-D7E2-4AF9-8F1A-A68C1C18711A}.AppStore|iPhone.Build.0 = Release|Any CPU
		{23EF32E9-D7E2-4AF9-8F1A-A68C1C18711A}.AppStore|iPhoneSimulator.ActiveCfg = Release|Any CPU
		{23EF32E9-D7E2-4AF9-8F1A-A68C1C18711A}.AppStore|iPhoneSimulator.Build.0 = Release|Any CPU
		{23EF32E9-D7E2-4AF9-8F1A-A68C1C18711A}.Debug|Any CPU.ActiveCfg = Debug|Any CPU
		{23EF32E9-D7E2-4AF9-8F1A-A68C1C18711A}.Debug|Any CPU.Build.0 = Debug|Any CPU
		{23EF32E9-D7E2-4AF9-8F1A-A68C1C18711A}.Debug|iPhone.ActiveCfg = Debug|Any CPU
		{23EF32E9-D7E2-4AF9-8F1A-A68C1C18711A}.Debug|iPhone.Build.0 = Debug|Any CPU
		{23EF32E9-D7E2-4AF9-8F1A-A68C1C18711A}.Debug|iPhoneSimulator.ActiveCfg = Debug|Any CPU
		{23EF32E9-D7E2-4AF9-8F1A-A68C1C18711A}.Debug|iPhoneSimulator.Build.0 = Debug|Any CPU
		{23EF32E9-D7E2-4AF9-8F1A-A68C1C18711A}.Release|Any CPU.ActiveCfg = Release|Any CPU
		{23EF32E9-D7E2-4AF9-8F1A-A68C1C18711A}.Release|Any CPU.Build.0 = Release|Any CPU
		{23EF32E9-D7E2-4AF9-8F1A-A68C1C18711A}.Release|iPhone.ActiveCfg = Release|Any CPU
		{23EF32E9-D7E2-4AF9-8F1A-A68C1C18711A}.Release|iPhone.Build.0 = Release|Any CPU
		{23EF32E9-D7E2-4AF9-8F1A-A68C1C18711A}.Release|iPhoneSimulator.ActiveCfg = Release|Any CPU
		{23EF32E9-D7E2-4AF9-8F1A-A68C1C18711A}.Release|iPhoneSimulator.Build.0 = Release|Any CPU
		{614B5871-4421-45A1-91DC-3B58E0329C24}.Ad-Hoc|Any CPU.ActiveCfg = Release|Any CPU
		{614B5871-4421-45A1-91DC-3B58E0329C24}.Ad-Hoc|Any CPU.Build.0 = Release|Any CPU
		{614B5871-4421-45A1-91DC-3B58E0329C24}.Ad-Hoc|iPhone.ActiveCfg = Release|Any CPU
		{614B5871-4421-45A1-91DC-3B58E0329C24}.Ad-Hoc|iPhone.Build.0 = Release|Any CPU
		{614B5871-4421-45A1-91DC-3B58E0329C24}.Ad-Hoc|iPhoneSimulator.ActiveCfg = Release|Any CPU
		{614B5871-4421-45A1-91DC-3B58E0329C24}.Ad-Hoc|iPhoneSimulator.Build.0 = Release|Any CPU
		{614B5871-4421-45A1-91DC-3B58E0329C24}.AppStore|Any CPU.ActiveCfg = Release|Any CPU
		{614B5871-4421-45A1-91DC-3B58E0329C24}.AppStore|Any CPU.Build.0 = Release|Any CPU
		{614B5871-4421-45A1-91DC-3B58E0329C24}.AppStore|iPhone.ActiveCfg = Release|Any CPU
		{614B5871-4421-45A1-91DC-3B58E0329C24}.AppStore|iPhone.Build.0 = Release|Any CPU
		{614B5871-4421-45A1-91DC-3B58E0329C24}.AppStore|iPhoneSimulator.ActiveCfg = Release|Any CPU
		{614B5871-4421-45A1-91DC-3B58E0329C24}.AppStore|iPhoneSimulator.Build.0 = Release|Any CPU
		{614B5871-4421-45A1-91DC-3B58E0329C24}.Debug|Any CPU.ActiveCfg = Debug|Any CPU
		{614B5871-4421-45A1-91DC-3B58E0329C24}.Debug|Any CPU.Build.0 = Debug|Any CPU
		{614B5871-4421-45A1-91DC-3B58E0329C24}.Debug|iPhone.ActiveCfg = Debug|Any CPU
		{614B5871-4421-45A1-91DC-3B58E0329C24}.Debug|iPhone.Build.0 = Debug|Any CPU
		{614B5871-4421-45A1-91DC-3B58E0329C24}.Debug|iPhoneSimulator.ActiveCfg = Debug|Any CPU
		{614B5871-4421-45A1-91DC-3B58E0329C24}.Debug|iPhoneSimulator.Build.0 = Debug|Any CPU
		{614B5871-4421-45A1-91DC-3B58E0329C24}.Release|Any CPU.ActiveCfg = Release|Any CPU
		{614B5871-4421-45A1-91DC-3B58E0329C24}.Release|Any CPU.Build.0 = Release|Any CPU
		{614B5871-4421-45A1-91DC-3B58E0329C24}.Release|iPhone.ActiveCfg = Release|Any CPU
		{614B5871-4421-45A1-91DC-3B58E0329C24}.Release|iPhone.Build.0 = Release|Any CPU
		{614B5871-4421-45A1-91DC-3B58E0329C24}.Release|iPhoneSimulator.ActiveCfg = Release|Any CPU
		{614B5871-4421-45A1-91DC-3B58E0329C24}.Release|iPhoneSimulator.Build.0 = Release|Any CPU
		{7A7369E8-7D1D-4C4E-A798-07AC695BBB8F}.Ad-Hoc|Any CPU.ActiveCfg = Release|Any CPU
		{7A7369E8-7D1D-4C4E-A798-07AC695BBB8F}.Ad-Hoc|Any CPU.Build.0 = Release|Any CPU
		{7A7369E8-7D1D-4C4E-A798-07AC695BBB8F}.Ad-Hoc|iPhone.ActiveCfg = Release|Any CPU
		{7A7369E8-7D1D-4C4E-A798-07AC695BBB8F}.Ad-Hoc|iPhone.Build.0 = Release|Any CPU
		{7A7369E8-7D1D-4C4E-A798-07AC695BBB8F}.Ad-Hoc|iPhoneSimulator.ActiveCfg = Release|Any CPU
		{7A7369E8-7D1D-4C4E-A798-07AC695BBB8F}.Ad-Hoc|iPhoneSimulator.Build.0 = Release|Any CPU
		{7A7369E8-7D1D-4C4E-A798-07AC695BBB8F}.AppStore|Any CPU.ActiveCfg = Release|Any CPU
		{7A7369E8-7D1D-4C4E-A798-07AC695BBB8F}.AppStore|Any CPU.Build.0 = Release|Any CPU
		{7A7369E8-7D1D-4C4E-A798-07AC695BBB8F}.AppStore|iPhone.ActiveCfg = Release|Any CPU
		{7A7369E8-7D1D-4C4E-A798-07AC695BBB8F}.AppStore|iPhone.Build.0 = Release|Any CPU
		{7A7369E8-7D1D-4C4E-A798-07AC695BBB8F}.AppStore|iPhoneSimulator.ActiveCfg = Release|Any CPU
		{7A7369E8-7D1D-4C4E-A798-07AC695BBB8F}.AppStore|iPhoneSimulator.Build.0 = Release|Any CPU
		{7A7369E8-7D1D-4C4E-A798-07AC695BBB8F}.Debug|Any CPU.ActiveCfg = Debug|Any CPU
		{7A7369E8-7D1D-4C4E-A798-07AC695BBB8F}.Debug|Any CPU.Build.0 = Debug|Any CPU
		{7A7369E8-7D1D-4C4E-A798-07AC695BBB8F}.Debug|iPhone.ActiveCfg = Debug|Any CPU
		{7A7369E8-7D1D-4C4E-A798-07AC695BBB8F}.Debug|iPhone.Build.0 = Debug|Any CPU
		{7A7369E8-7D1D-4C4E-A798-07AC695BBB8F}.Debug|iPhoneSimulator.ActiveCfg = Debug|Any CPU
		{7A7369E8-7D1D-4C4E-A798-07AC695BBB8F}.Debug|iPhoneSimulator.Build.0 = Debug|Any CPU
		{7A7369E8-7D1D-4C4E-A798-07AC695BBB8F}.Release|Any CPU.ActiveCfg = Release|Any CPU
		{7A7369E8-7D1D-4C4E-A798-07AC695BBB8F}.Release|Any CPU.Build.0 = Release|Any CPU
		{7A7369E8-7D1D-4C4E-A798-07AC695BBB8F}.Release|iPhone.ActiveCfg = Release|Any CPU
		{7A7369E8-7D1D-4C4E-A798-07AC695BBB8F}.Release|iPhone.Build.0 = Release|Any CPU
		{7A7369E8-7D1D-4C4E-A798-07AC695BBB8F}.Release|iPhoneSimulator.ActiveCfg = Release|Any CPU
		{7A7369E8-7D1D-4C4E-A798-07AC695BBB8F}.Release|iPhoneSimulator.Build.0 = Release|Any CPU
		{661854A6-EA3C-4896-B7BE-B55E62D08D2E}.Ad-Hoc|Any CPU.ActiveCfg = Release|Any CPU
		{661854A6-EA3C-4896-B7BE-B55E62D08D2E}.Ad-Hoc|Any CPU.Build.0 = Release|Any CPU
		{661854A6-EA3C-4896-B7BE-B55E62D08D2E}.Ad-Hoc|iPhone.ActiveCfg = Release|Any CPU
		{661854A6-EA3C-4896-B7BE-B55E62D08D2E}.Ad-Hoc|iPhone.Build.0 = Release|Any CPU
		{661854A6-EA3C-4896-B7BE-B55E62D08D2E}.Ad-Hoc|iPhoneSimulator.ActiveCfg = Release|Any CPU
		{661854A6-EA3C-4896-B7BE-B55E62D08D2E}.Ad-Hoc|iPhoneSimulator.Build.0 = Release|Any CPU
		{661854A6-EA3C-4896-B7BE-B55E62D08D2E}.AppStore|Any CPU.ActiveCfg = Release|Any CPU
		{661854A6-EA3C-4896-B7BE-B55E62D08D2E}.AppStore|Any CPU.Build.0 = Release|Any CPU
		{661854A6-EA3C-4896-B7BE-B55E62D08D2E}.AppStore|iPhone.ActiveCfg = Release|Any CPU
		{661854A6-EA3C-4896-B7BE-B55E62D08D2E}.AppStore|iPhone.Build.0 = Release|Any CPU
		{661854A6-EA3C-4896-B7BE-B55E62D08D2E}.AppStore|iPhoneSimulator.ActiveCfg = Release|Any CPU
		{661854A6-EA3C-4896-B7BE-B55E62D08D2E}.AppStore|iPhoneSimulator.Build.0 = Release|Any CPU
		{661854A6-EA3C-4896-B7BE-B55E62D08D2E}.Debug|Any CPU.ActiveCfg = Debug|Any CPU
		{661854A6-EA3C-4896-B7BE-B55E62D08D2E}.Debug|Any CPU.Build.0 = Debug|Any CPU
		{661854A6-EA3C-4896-B7BE-B55E62D08D2E}.Debug|iPhone.ActiveCfg = Debug|Any CPU
		{661854A6-EA3C-4896-B7BE-B55E62D08D2E}.Debug|iPhone.Build.0 = Debug|Any CPU
		{661854A6-EA3C-4896-B7BE-B55E62D08D2E}.Debug|iPhoneSimulator.ActiveCfg = Debug|Any CPU
		{661854A6-EA3C-4896-B7BE-B55E62D08D2E}.Debug|iPhoneSimulator.Build.0 = Debug|Any CPU
		{661854A6-EA3C-4896-B7BE-B55E62D08D2E}.Release|Any CPU.ActiveCfg = Release|Any CPU
		{661854A6-EA3C-4896-B7BE-B55E62D08D2E}.Release|Any CPU.Build.0 = Release|Any CPU
		{661854A6-EA3C-4896-B7BE-B55E62D08D2E}.Release|iPhone.ActiveCfg = Release|Any CPU
		{661854A6-EA3C-4896-B7BE-B55E62D08D2E}.Release|iPhone.Build.0 = Release|Any CPU
		{661854A6-EA3C-4896-B7BE-B55E62D08D2E}.Release|iPhoneSimulator.ActiveCfg = Release|Any CPU
		{661854A6-EA3C-4896-B7BE-B55E62D08D2E}.Release|iPhoneSimulator.Build.0 = Release|Any CPU
		{E0B2E030-88D8-40D2-8905-10F2407B67A7}.Ad-Hoc|Any CPU.ActiveCfg = Release|Any CPU
		{E0B2E030-88D8-40D2-8905-10F2407B67A7}.Ad-Hoc|Any CPU.Build.0 = Release|Any CPU
		{E0B2E030-88D8-40D2-8905-10F2407B67A7}.Ad-Hoc|iPhone.ActiveCfg = Release|Any CPU
		{E0B2E030-88D8-40D2-8905-10F2407B67A7}.Ad-Hoc|iPhone.Build.0 = Release|Any CPU
		{E0B2E030-88D8-40D2-8905-10F2407B67A7}.Ad-Hoc|iPhoneSimulator.ActiveCfg = Release|Any CPU
		{E0B2E030-88D8-40D2-8905-10F2407B67A7}.Ad-Hoc|iPhoneSimulator.Build.0 = Release|Any CPU
		{E0B2E030-88D8-40D2-8905-10F2407B67A7}.AppStore|Any CPU.ActiveCfg = Release|Any CPU
		{E0B2E030-88D8-40D2-8905-10F2407B67A7}.AppStore|Any CPU.Build.0 = Release|Any CPU
		{E0B2E030-88D8-40D2-8905-10F2407B67A7}.AppStore|iPhone.ActiveCfg = Release|Any CPU
		{E0B2E030-88D8-40D2-8905-10F2407B67A7}.AppStore|iPhone.Build.0 = Release|Any CPU
		{E0B2E030-88D8-40D2-8905-10F2407B67A7}.AppStore|iPhoneSimulator.ActiveCfg = Release|Any CPU
		{E0B2E030-88D8-40D2-8905-10F2407B67A7}.AppStore|iPhoneSimulator.Build.0 = Release|Any CPU
		{E0B2E030-88D8-40D2-8905-10F2407B67A7}.Debug|Any CPU.ActiveCfg = Debug|Any CPU
		{E0B2E030-88D8-40D2-8905-10F2407B67A7}.Debug|Any CPU.Build.0 = Debug|Any CPU
		{E0B2E030-88D8-40D2-8905-10F2407B67A7}.Debug|iPhone.ActiveCfg = Debug|Any CPU
		{E0B2E030-88D8-40D2-8905-10F2407B67A7}.Debug|iPhone.Build.0 = Debug|Any CPU
		{E0B2E030-88D8-40D2-8905-10F2407B67A7}.Debug|iPhoneSimulator.ActiveCfg = Debug|Any CPU
		{E0B2E030-88D8-40D2-8905-10F2407B67A7}.Debug|iPhoneSimulator.Build.0 = Debug|Any CPU
		{E0B2E030-88D8-40D2-8905-10F2407B67A7}.Release|Any CPU.ActiveCfg = Release|Any CPU
		{E0B2E030-88D8-40D2-8905-10F2407B67A7}.Release|Any CPU.Build.0 = Release|Any CPU
		{E0B2E030-88D8-40D2-8905-10F2407B67A7}.Release|iPhone.ActiveCfg = Release|Any CPU
		{E0B2E030-88D8-40D2-8905-10F2407B67A7}.Release|iPhone.Build.0 = Release|Any CPU
		{E0B2E030-88D8-40D2-8905-10F2407B67A7}.Release|iPhoneSimulator.ActiveCfg = Release|Any CPU
		{E0B2E030-88D8-40D2-8905-10F2407B67A7}.Release|iPhoneSimulator.Build.0 = Release|Any CPU
		{A2F7A36C-03B4-4057-ABC0-694087C4B567}.Ad-Hoc|Any CPU.ActiveCfg = Release|Any CPU
		{A2F7A36C-03B4-4057-ABC0-694087C4B567}.Ad-Hoc|Any CPU.Build.0 = Release|Any CPU
		{A2F7A36C-03B4-4057-ABC0-694087C4B567}.Ad-Hoc|iPhone.ActiveCfg = Release|Any CPU
		{A2F7A36C-03B4-4057-ABC0-694087C4B567}.Ad-Hoc|iPhone.Build.0 = Release|Any CPU
		{A2F7A36C-03B4-4057-ABC0-694087C4B567}.Ad-Hoc|iPhoneSimulator.ActiveCfg = Release|Any CPU
		{A2F7A36C-03B4-4057-ABC0-694087C4B567}.Ad-Hoc|iPhoneSimulator.Build.0 = Release|Any CPU
		{A2F7A36C-03B4-4057-ABC0-694087C4B567}.AppStore|Any CPU.ActiveCfg = Release|Any CPU
		{A2F7A36C-03B4-4057-ABC0-694087C4B567}.AppStore|Any CPU.Build.0 = Release|Any CPU
		{A2F7A36C-03B4-4057-ABC0-694087C4B567}.AppStore|iPhone.ActiveCfg = Release|Any CPU
		{A2F7A36C-03B4-4057-ABC0-694087C4B567}.AppStore|iPhone.Build.0 = Release|Any CPU
		{A2F7A36C-03B4-4057-ABC0-694087C4B567}.AppStore|iPhoneSimulator.ActiveCfg = Release|Any CPU
		{A2F7A36C-03B4-4057-ABC0-694087C4B567}.AppStore|iPhoneSimulator.Build.0 = Release|Any CPU
		{A2F7A36C-03B4-4057-ABC0-694087C4B567}.Debug|Any CPU.ActiveCfg = Debug|Any CPU
		{A2F7A36C-03B4-4057-ABC0-694087C4B567}.Debug|Any CPU.Build.0 = Debug|Any CPU
		{A2F7A36C-03B4-4057-ABC0-694087C4B567}.Debug|iPhone.ActiveCfg = Debug|Any CPU
		{A2F7A36C-03B4-4057-ABC0-694087C4B567}.Debug|iPhone.Build.0 = Debug|Any CPU
		{A2F7A36C-03B4-4057-ABC0-694087C4B567}.Debug|iPhoneSimulator.ActiveCfg = Debug|Any CPU
		{A2F7A36C-03B4-4057-ABC0-694087C4B567}.Debug|iPhoneSimulator.Build.0 = Debug|Any CPU
		{A2F7A36C-03B4-4057-ABC0-694087C4B567}.Release|Any CPU.ActiveCfg = Release|Any CPU
		{A2F7A36C-03B4-4057-ABC0-694087C4B567}.Release|Any CPU.Build.0 = Release|Any CPU
		{A2F7A36C-03B4-4057-ABC0-694087C4B567}.Release|iPhone.ActiveCfg = Release|Any CPU
		{A2F7A36C-03B4-4057-ABC0-694087C4B567}.Release|iPhone.Build.0 = Release|Any CPU
		{A2F7A36C-03B4-4057-ABC0-694087C4B567}.Release|iPhoneSimulator.ActiveCfg = Release|Any CPU
		{A2F7A36C-03B4-4057-ABC0-694087C4B567}.Release|iPhoneSimulator.Build.0 = Release|Any CPU
		{4C22BDE7-F863-48FE-9356-B27901315EBF}.Ad-Hoc|Any CPU.ActiveCfg = Release|Any CPU
		{4C22BDE7-F863-48FE-9356-B27901315EBF}.Ad-Hoc|Any CPU.Build.0 = Release|Any CPU
		{4C22BDE7-F863-48FE-9356-B27901315EBF}.Ad-Hoc|iPhone.ActiveCfg = Release|Any CPU
		{4C22BDE7-F863-48FE-9356-B27901315EBF}.Ad-Hoc|iPhone.Build.0 = Release|Any CPU
		{4C22BDE7-F863-48FE-9356-B27901315EBF}.Ad-Hoc|iPhoneSimulator.ActiveCfg = Release|Any CPU
		{4C22BDE7-F863-48FE-9356-B27901315EBF}.Ad-Hoc|iPhoneSimulator.Build.0 = Release|Any CPU
		{4C22BDE7-F863-48FE-9356-B27901315EBF}.AppStore|Any CPU.ActiveCfg = Release|Any CPU
		{4C22BDE7-F863-48FE-9356-B27901315EBF}.AppStore|Any CPU.Build.0 = Release|Any CPU
		{4C22BDE7-F863-48FE-9356-B27901315EBF}.AppStore|iPhone.ActiveCfg = Release|Any CPU
		{4C22BDE7-F863-48FE-9356-B27901315EBF}.AppStore|iPhone.Build.0 = Release|Any CPU
		{4C22BDE7-F863-48FE-9356-B27901315EBF}.AppStore|iPhoneSimulator.ActiveCfg = Release|Any CPU
		{4C22BDE7-F863-48FE-9356-B27901315EBF}.AppStore|iPhoneSimulator.Build.0 = Release|Any CPU
		{4C22BDE7-F863-48FE-9356-B27901315EBF}.Debug|Any CPU.ActiveCfg = Debug|Any CPU
		{4C22BDE7-F863-48FE-9356-B27901315EBF}.Debug|Any CPU.Build.0 = Debug|Any CPU
		{4C22BDE7-F863-48FE-9356-B27901315EBF}.Debug|iPhone.ActiveCfg = Debug|Any CPU
		{4C22BDE7-F863-48FE-9356-B27901315EBF}.Debug|iPhone.Build.0 = Debug|Any CPU
		{4C22BDE7-F863-48FE-9356-B27901315EBF}.Debug|iPhoneSimulator.ActiveCfg = Debug|Any CPU
		{4C22BDE7-F863-48FE-9356-B27901315EBF}.Debug|iPhoneSimulator.Build.0 = Debug|Any CPU
		{4C22BDE7-F863-48FE-9356-B27901315EBF}.Release|Any CPU.ActiveCfg = Release|Any CPU
		{4C22BDE7-F863-48FE-9356-B27901315EBF}.Release|Any CPU.Build.0 = Release|Any CPU
		{4C22BDE7-F863-48FE-9356-B27901315EBF}.Release|iPhone.ActiveCfg = Release|Any CPU
		{4C22BDE7-F863-48FE-9356-B27901315EBF}.Release|iPhone.Build.0 = Release|Any CPU
		{4C22BDE7-F863-48FE-9356-B27901315EBF}.Release|iPhoneSimulator.ActiveCfg = Release|Any CPU
		{4C22BDE7-F863-48FE-9356-B27901315EBF}.Release|iPhoneSimulator.Build.0 = Release|Any CPU
		{327E96D6-B170-4BD0-A41C-D0BBF9768856}.Ad-Hoc|Any CPU.ActiveCfg = Release|Any CPU
		{327E96D6-B170-4BD0-A41C-D0BBF9768856}.Ad-Hoc|Any CPU.Build.0 = Release|Any CPU
		{327E96D6-B170-4BD0-A41C-D0BBF9768856}.Ad-Hoc|iPhone.ActiveCfg = Release|Any CPU
		{327E96D6-B170-4BD0-A41C-D0BBF9768856}.Ad-Hoc|iPhone.Build.0 = Release|Any CPU
		{327E96D6-B170-4BD0-A41C-D0BBF9768856}.Ad-Hoc|iPhoneSimulator.ActiveCfg = Release|Any CPU
		{327E96D6-B170-4BD0-A41C-D0BBF9768856}.Ad-Hoc|iPhoneSimulator.Build.0 = Release|Any CPU
		{327E96D6-B170-4BD0-A41C-D0BBF9768856}.AppStore|Any CPU.ActiveCfg = Release|Any CPU
		{327E96D6-B170-4BD0-A41C-D0BBF9768856}.AppStore|Any CPU.Build.0 = Release|Any CPU
		{327E96D6-B170-4BD0-A41C-D0BBF9768856}.AppStore|iPhone.ActiveCfg = Release|Any CPU
		{327E96D6-B170-4BD0-A41C-D0BBF9768856}.AppStore|iPhone.Build.0 = Release|Any CPU
		{327E96D6-B170-4BD0-A41C-D0BBF9768856}.AppStore|iPhoneSimulator.ActiveCfg = Release|Any CPU
		{327E96D6-B170-4BD0-A41C-D0BBF9768856}.AppStore|iPhoneSimulator.Build.0 = Release|Any CPU
		{327E96D6-B170-4BD0-A41C-D0BBF9768856}.Debug|Any CPU.ActiveCfg = Debug|Any CPU
		{327E96D6-B170-4BD0-A41C-D0BBF9768856}.Debug|Any CPU.Build.0 = Debug|Any CPU
		{327E96D6-B170-4BD0-A41C-D0BBF9768856}.Debug|iPhone.ActiveCfg = Debug|Any CPU
		{327E96D6-B170-4BD0-A41C-D0BBF9768856}.Debug|iPhone.Build.0 = Debug|Any CPU
		{327E96D6-B170-4BD0-A41C-D0BBF9768856}.Debug|iPhoneSimulator.ActiveCfg = Debug|Any CPU
		{327E96D6-B170-4BD0-A41C-D0BBF9768856}.Debug|iPhoneSimulator.Build.0 = Debug|Any CPU
		{327E96D6-B170-4BD0-A41C-D0BBF9768856}.Release|Any CPU.ActiveCfg = Release|Any CPU
		{327E96D6-B170-4BD0-A41C-D0BBF9768856}.Release|Any CPU.Build.0 = Release|Any CPU
		{327E96D6-B170-4BD0-A41C-D0BBF9768856}.Release|iPhone.ActiveCfg = Release|Any CPU
		{327E96D6-B170-4BD0-A41C-D0BBF9768856}.Release|iPhone.Build.0 = Release|Any CPU
		{327E96D6-B170-4BD0-A41C-D0BBF9768856}.Release|iPhoneSimulator.ActiveCfg = Release|Any CPU
		{327E96D6-B170-4BD0-A41C-D0BBF9768856}.Release|iPhoneSimulator.Build.0 = Release|Any CPU
		{0EE82762-DFB9-4F5B-A4E2-791FA86CB96F}.Ad-Hoc|Any CPU.ActiveCfg = Release|Any CPU
		{0EE82762-DFB9-4F5B-A4E2-791FA86CB96F}.Ad-Hoc|Any CPU.Build.0 = Release|Any CPU
		{0EE82762-DFB9-4F5B-A4E2-791FA86CB96F}.Ad-Hoc|iPhone.ActiveCfg = Release|Any CPU
		{0EE82762-DFB9-4F5B-A4E2-791FA86CB96F}.Ad-Hoc|iPhone.Build.0 = Release|Any CPU
		{0EE82762-DFB9-4F5B-A4E2-791FA86CB96F}.Ad-Hoc|iPhoneSimulator.ActiveCfg = Release|Any CPU
		{0EE82762-DFB9-4F5B-A4E2-791FA86CB96F}.Ad-Hoc|iPhoneSimulator.Build.0 = Release|Any CPU
		{0EE82762-DFB9-4F5B-A4E2-791FA86CB96F}.AppStore|Any CPU.ActiveCfg = Release|Any CPU
		{0EE82762-DFB9-4F5B-A4E2-791FA86CB96F}.AppStore|Any CPU.Build.0 = Release|Any CPU
		{0EE82762-DFB9-4F5B-A4E2-791FA86CB96F}.AppStore|iPhone.ActiveCfg = Release|Any CPU
		{0EE82762-DFB9-4F5B-A4E2-791FA86CB96F}.AppStore|iPhone.Build.0 = Release|Any CPU
		{0EE82762-DFB9-4F5B-A4E2-791FA86CB96F}.AppStore|iPhoneSimulator.ActiveCfg = Release|Any CPU
		{0EE82762-DFB9-4F5B-A4E2-791FA86CB96F}.AppStore|iPhoneSimulator.Build.0 = Release|Any CPU
		{0EE82762-DFB9-4F5B-A4E2-791FA86CB96F}.Debug|Any CPU.ActiveCfg = Debug|Any CPU
		{0EE82762-DFB9-4F5B-A4E2-791FA86CB96F}.Debug|Any CPU.Build.0 = Debug|Any CPU
		{0EE82762-DFB9-4F5B-A4E2-791FA86CB96F}.Debug|iPhone.ActiveCfg = Debug|Any CPU
		{0EE82762-DFB9-4F5B-A4E2-791FA86CB96F}.Debug|iPhone.Build.0 = Debug|Any CPU
		{0EE82762-DFB9-4F5B-A4E2-791FA86CB96F}.Debug|iPhoneSimulator.ActiveCfg = Debug|Any CPU
		{0EE82762-DFB9-4F5B-A4E2-791FA86CB96F}.Debug|iPhoneSimulator.Build.0 = Debug|Any CPU
		{0EE82762-DFB9-4F5B-A4E2-791FA86CB96F}.Release|Any CPU.ActiveCfg = Release|Any CPU
		{0EE82762-DFB9-4F5B-A4E2-791FA86CB96F}.Release|Any CPU.Build.0 = Release|Any CPU
		{0EE82762-DFB9-4F5B-A4E2-791FA86CB96F}.Release|iPhone.ActiveCfg = Release|Any CPU
		{0EE82762-DFB9-4F5B-A4E2-791FA86CB96F}.Release|iPhone.Build.0 = Release|Any CPU
		{0EE82762-DFB9-4F5B-A4E2-791FA86CB96F}.Release|iPhoneSimulator.ActiveCfg = Release|Any CPU
		{0EE82762-DFB9-4F5B-A4E2-791FA86CB96F}.Release|iPhoneSimulator.Build.0 = Release|Any CPU
		{1137C235-9505-4A95-ABF3-C9D735B2F0DE}.Ad-Hoc|Any CPU.ActiveCfg = Debug|Any CPU
		{1137C235-9505-4A95-ABF3-C9D735B2F0DE}.Ad-Hoc|Any CPU.Build.0 = Debug|Any CPU
		{1137C235-9505-4A95-ABF3-C9D735B2F0DE}.Ad-Hoc|iPhone.ActiveCfg = Debug|Any CPU
		{1137C235-9505-4A95-ABF3-C9D735B2F0DE}.Ad-Hoc|iPhone.Build.0 = Debug|Any CPU
		{1137C235-9505-4A95-ABF3-C9D735B2F0DE}.Ad-Hoc|iPhoneSimulator.ActiveCfg = Debug|Any CPU
		{1137C235-9505-4A95-ABF3-C9D735B2F0DE}.Ad-Hoc|iPhoneSimulator.Build.0 = Debug|Any CPU
		{1137C235-9505-4A95-ABF3-C9D735B2F0DE}.AppStore|Any CPU.ActiveCfg = Debug|Any CPU
		{1137C235-9505-4A95-ABF3-C9D735B2F0DE}.AppStore|Any CPU.Build.0 = Debug|Any CPU
		{1137C235-9505-4A95-ABF3-C9D735B2F0DE}.AppStore|iPhone.ActiveCfg = Debug|Any CPU
		{1137C235-9505-4A95-ABF3-C9D735B2F0DE}.AppStore|iPhone.Build.0 = Debug|Any CPU
		{1137C235-9505-4A95-ABF3-C9D735B2F0DE}.AppStore|iPhoneSimulator.ActiveCfg = Debug|Any CPU
		{1137C235-9505-4A95-ABF3-C9D735B2F0DE}.AppStore|iPhoneSimulator.Build.0 = Debug|Any CPU
		{1137C235-9505-4A95-ABF3-C9D735B2F0DE}.Debug|Any CPU.ActiveCfg = Debug|Any CPU
		{1137C235-9505-4A95-ABF3-C9D735B2F0DE}.Debug|Any CPU.Build.0 = Debug|Any CPU
		{1137C235-9505-4A95-ABF3-C9D735B2F0DE}.Debug|iPhone.ActiveCfg = Debug|Any CPU
		{1137C235-9505-4A95-ABF3-C9D735B2F0DE}.Debug|iPhone.Build.0 = Debug|Any CPU
		{1137C235-9505-4A95-ABF3-C9D735B2F0DE}.Debug|iPhoneSimulator.ActiveCfg = Debug|Any CPU
		{1137C235-9505-4A95-ABF3-C9D735B2F0DE}.Debug|iPhoneSimulator.Build.0 = Debug|Any CPU
		{1137C235-9505-4A95-ABF3-C9D735B2F0DE}.Release|Any CPU.ActiveCfg = Release|Any CPU
		{1137C235-9505-4A95-ABF3-C9D735B2F0DE}.Release|Any CPU.Build.0 = Release|Any CPU
		{1137C235-9505-4A95-ABF3-C9D735B2F0DE}.Release|iPhone.ActiveCfg = Release|Any CPU
		{1137C235-9505-4A95-ABF3-C9D735B2F0DE}.Release|iPhone.Build.0 = Release|Any CPU
		{1137C235-9505-4A95-ABF3-C9D735B2F0DE}.Release|iPhoneSimulator.ActiveCfg = Release|Any CPU
		{1137C235-9505-4A95-ABF3-C9D735B2F0DE}.Release|iPhoneSimulator.Build.0 = Release|Any CPU
		{4763D7C1-578D-414F-9D41-870E253284B0}.Ad-Hoc|Any CPU.ActiveCfg = Release|Any CPU
		{4763D7C1-578D-414F-9D41-870E253284B0}.Ad-Hoc|Any CPU.Build.0 = Release|Any CPU
		{4763D7C1-578D-414F-9D41-870E253284B0}.Ad-Hoc|Any CPU.Deploy.0 = Release|Any CPU
		{4763D7C1-578D-414F-9D41-870E253284B0}.Ad-Hoc|iPhone.ActiveCfg = Release|Any CPU
		{4763D7C1-578D-414F-9D41-870E253284B0}.Ad-Hoc|iPhone.Build.0 = Release|Any CPU
		{4763D7C1-578D-414F-9D41-870E253284B0}.Ad-Hoc|iPhone.Deploy.0 = Release|Any CPU
		{4763D7C1-578D-414F-9D41-870E253284B0}.Ad-Hoc|iPhoneSimulator.ActiveCfg = Release|Any CPU
		{4763D7C1-578D-414F-9D41-870E253284B0}.Ad-Hoc|iPhoneSimulator.Build.0 = Release|Any CPU
		{4763D7C1-578D-414F-9D41-870E253284B0}.Ad-Hoc|iPhoneSimulator.Deploy.0 = Release|Any CPU
		{4763D7C1-578D-414F-9D41-870E253284B0}.AppStore|Any CPU.ActiveCfg = Release|Any CPU
		{4763D7C1-578D-414F-9D41-870E253284B0}.AppStore|Any CPU.Build.0 = Release|Any CPU
		{4763D7C1-578D-414F-9D41-870E253284B0}.AppStore|Any CPU.Deploy.0 = Release|Any CPU
		{4763D7C1-578D-414F-9D41-870E253284B0}.AppStore|iPhone.ActiveCfg = Release|Any CPU
		{4763D7C1-578D-414F-9D41-870E253284B0}.AppStore|iPhone.Build.0 = Release|Any CPU
		{4763D7C1-578D-414F-9D41-870E253284B0}.AppStore|iPhone.Deploy.0 = Release|Any CPU
		{4763D7C1-578D-414F-9D41-870E253284B0}.AppStore|iPhoneSimulator.ActiveCfg = Release|Any CPU
		{4763D7C1-578D-414F-9D41-870E253284B0}.AppStore|iPhoneSimulator.Build.0 = Release|Any CPU
		{4763D7C1-578D-414F-9D41-870E253284B0}.AppStore|iPhoneSimulator.Deploy.0 = Release|Any CPU
		{4763D7C1-578D-414F-9D41-870E253284B0}.Debug|Any CPU.ActiveCfg = Debug|Any CPU
		{4763D7C1-578D-414F-9D41-870E253284B0}.Debug|Any CPU.Build.0 = Debug|Any CPU
		{4763D7C1-578D-414F-9D41-870E253284B0}.Debug|Any CPU.Deploy.0 = Debug|Any CPU
		{4763D7C1-578D-414F-9D41-870E253284B0}.Debug|iPhone.ActiveCfg = Debug|Any CPU
		{4763D7C1-578D-414F-9D41-870E253284B0}.Debug|iPhone.Build.0 = Debug|Any CPU
		{4763D7C1-578D-414F-9D41-870E253284B0}.Debug|iPhone.Deploy.0 = Debug|Any CPU
		{4763D7C1-578D-414F-9D41-870E253284B0}.Debug|iPhoneSimulator.ActiveCfg = Debug|Any CPU
		{4763D7C1-578D-414F-9D41-870E253284B0}.Debug|iPhoneSimulator.Build.0 = Debug|Any CPU
		{4763D7C1-578D-414F-9D41-870E253284B0}.Debug|iPhoneSimulator.Deploy.0 = Debug|Any CPU
		{4763D7C1-578D-414F-9D41-870E253284B0}.Release|Any CPU.ActiveCfg = Release|Any CPU
		{4763D7C1-578D-414F-9D41-870E253284B0}.Release|Any CPU.Build.0 = Release|Any CPU
		{4763D7C1-578D-414F-9D41-870E253284B0}.Release|Any CPU.Deploy.0 = Release|Any CPU
		{4763D7C1-578D-414F-9D41-870E253284B0}.Release|iPhone.ActiveCfg = Release|Any CPU
		{4763D7C1-578D-414F-9D41-870E253284B0}.Release|iPhone.Build.0 = Release|Any CPU
		{4763D7C1-578D-414F-9D41-870E253284B0}.Release|iPhone.Deploy.0 = Release|Any CPU
		{4763D7C1-578D-414F-9D41-870E253284B0}.Release|iPhoneSimulator.ActiveCfg = Release|Any CPU
		{4763D7C1-578D-414F-9D41-870E253284B0}.Release|iPhoneSimulator.Build.0 = Release|Any CPU
		{4763D7C1-578D-414F-9D41-870E253284B0}.Release|iPhoneSimulator.Deploy.0 = Release|Any CPU
		{10729365-8BD1-4856-A891-C1AC0D930753}.Ad-Hoc|Any CPU.ActiveCfg = Ad-Hoc|iPhone
		{10729365-8BD1-4856-A891-C1AC0D930753}.Ad-Hoc|iPhone.ActiveCfg = Ad-Hoc|iPhone
		{10729365-8BD1-4856-A891-C1AC0D930753}.Ad-Hoc|iPhone.Build.0 = Ad-Hoc|iPhone
		{10729365-8BD1-4856-A891-C1AC0D930753}.Ad-Hoc|iPhoneSimulator.ActiveCfg = Ad-Hoc|iPhoneSimulator
		{10729365-8BD1-4856-A891-C1AC0D930753}.Ad-Hoc|iPhoneSimulator.Build.0 = Ad-Hoc|iPhoneSimulator
		{10729365-8BD1-4856-A891-C1AC0D930753}.AppStore|Any CPU.ActiveCfg = AppStore|iPhone
		{10729365-8BD1-4856-A891-C1AC0D930753}.AppStore|iPhone.ActiveCfg = AppStore|iPhone
		{10729365-8BD1-4856-A891-C1AC0D930753}.AppStore|iPhone.Build.0 = AppStore|iPhone
		{10729365-8BD1-4856-A891-C1AC0D930753}.AppStore|iPhoneSimulator.ActiveCfg = AppStore|iPhoneSimulator
		{10729365-8BD1-4856-A891-C1AC0D930753}.AppStore|iPhoneSimulator.Build.0 = AppStore|iPhoneSimulator
		{10729365-8BD1-4856-A891-C1AC0D930753}.Debug|Any CPU.ActiveCfg = Debug|iPhone
		{10729365-8BD1-4856-A891-C1AC0D930753}.Debug|iPhone.ActiveCfg = Debug|iPhone
		{10729365-8BD1-4856-A891-C1AC0D930753}.Debug|iPhone.Build.0 = Debug|iPhone
		{10729365-8BD1-4856-A891-C1AC0D930753}.Debug|iPhoneSimulator.ActiveCfg = Debug|iPhoneSimulator
		{10729365-8BD1-4856-A891-C1AC0D930753}.Debug|iPhoneSimulator.Build.0 = Debug|iPhoneSimulator
		{10729365-8BD1-4856-A891-C1AC0D930753}.Release|Any CPU.ActiveCfg = Release|iPhone
		{10729365-8BD1-4856-A891-C1AC0D930753}.Release|iPhone.ActiveCfg = Release|iPhone
		{10729365-8BD1-4856-A891-C1AC0D930753}.Release|iPhone.Build.0 = Release|iPhone
		{10729365-8BD1-4856-A891-C1AC0D930753}.Release|iPhoneSimulator.ActiveCfg = Release|iPhoneSimulator
		{10729365-8BD1-4856-A891-C1AC0D930753}.Release|iPhoneSimulator.Build.0 = Release|iPhoneSimulator
	EndGlobalSection
	GlobalSection(SolutionProperties) = preSolution
		HideSolutionNode = FALSE
	EndGlobalSection
	GlobalSection(NestedProjects) = preSolution
		{1137C235-9505-4A95-ABF3-C9D735B2F0DE} = {EC336DBB-BA8F-4D19-899C-F78599CAAA30}
		{4763D7C1-578D-414F-9D41-870E253284B0} = {EC336DBB-BA8F-4D19-899C-F78599CAAA30}
		{10729365-8BD1-4856-A891-C1AC0D930753} = {EC336DBB-BA8F-4D19-899C-F78599CAAA30}
	EndGlobalSection
EndGlobal
