
Microsoft Visual Studio Solution File, Format Version 12.00
# Visual Studio 14
VisualStudioVersion = 14.0.25420.1
MinimumVisualStudioVersion = 10.0.40219.1
Project("{FAE04EC0-301F-11D3-BF4B-00C04F79EFBC}") = "NSUtils", "NSUtils\NSUtils.csproj", "{BE6A545F-A97F-4598-A47D-820CFCCE39DE}"
EndProject
Project("{FAE04EC0-301F-11D3-BF4B-00C04F79EFBC}") = "NSUtils.Mvx", "NSUtilsMvx\NSUtils.Mvx.csproj", "{1B8E8FE6-6AD2-44E6-879B-538A9D0E8764}"
EndProject
Project("{FAE04EC0-301F-11D3-BF4B-00C04F79EFBC}") = "NSUtils.Droid", "NSUtils.Droid\NSUtils.Droid.csproj", "{23EF32E9-D7E2-4AF9-8F1A-A68C1C18711A}"
EndProject
Project("{FAE04EC0-301F-11D3-BF4B-00C04F79EFBC}") = "NSUtils.Droid.Mvx", "NSUtils.Droid.Mvx\NSUtils.Droid.Mvx.csproj", "{614B5871-4421-45A1-91DC-3B58E0329C24}"
EndProject
Project("{FAE04EC0-301F-11D3-BF4B-00C04F79EFBC}") = "NSUtils.Touch", "NSUtils.Touch\NSUtils.Touch.csproj", "{7A7369E8-7D1D-4C4E-A798-07AC695BBB8F}"
EndProject
Project("{FAE04EC0-301F-11D3-BF4B-00C04F79EFBC}") = "NSUtils.Touch.Mvx", "NSUtils.Touch.Mvx\NSUtils.Touch.Mvx.csproj", "{661854A6-EA3C-4896-B7BE-B55E62D08D2E}"
EndProject
Project("{FAE04EC0-301F-11D3-BF4B-00C04F79EFBC}") = "NSUtils.Validation", "NSUtils.Validation\NSUtils.Validation.csproj", "{E0B2E030-88D8-40D2-8905-10F2407B67A7}"
EndProject
Project("{FAE04EC0-301F-11D3-BF4B-00C04F79EFBC}") = "NSUtils.Json", "NSUtils.Json\NSUtils.Json.csproj", "{A2F7A36C-03B4-4057-ABC0-694087C4B567}"
EndProject
Project("{FAE04EC0-301F-11D3-BF4B-00C04F79EFBC}") = "NSUtils.Net", "NSUtils.Net\NSUtils.Net.csproj", "{4C22BDE7-F863-48FE-9356-B27901315EBF}"
EndProject
Global
	GlobalSection(SolutionConfigurationPlatforms) = preSolution
		Debug|Any CPU = Debug|Any CPU
		Release|Any CPU = Release|Any CPU
	EndGlobalSection
	GlobalSection(ProjectConfigurationPlatforms) = postSolution
		{BE6A545F-A97F-4598-A47D-820CFCCE39DE}.Debug|Any CPU.ActiveCfg = Debug|Any CPU
		{BE6A545F-A97F-4598-A47D-820CFCCE39DE}.Debug|Any CPU.Build.0 = Debug|Any CPU
		{BE6A545F-A97F-4598-A47D-820CFCCE39DE}.Release|Any CPU.ActiveCfg = Release|Any CPU
		{BE6A545F-A97F-4598-A47D-820CFCCE39DE}.Release|Any CPU.Build.0 = Release|Any CPU
		{1B8E8FE6-6AD2-44E6-879B-538A9D0E8764}.Debug|Any CPU.ActiveCfg = Debug|Any CPU
		{1B8E8FE6-6AD2-44E6-879B-538A9D0E8764}.Debug|Any CPU.Build.0 = Debug|Any CPU
		{1B8E8FE6-6AD2-44E6-879B-538A9D0E8764}.Release|Any CPU.ActiveCfg = Release|Any CPU
		{1B8E8FE6-6AD2-44E6-879B-538A9D0E8764}.Release|Any CPU.Build.0 = Release|Any CPU
		{23EF32E9-D7E2-4AF9-8F1A-A68C1C18711A}.Debug|Any CPU.ActiveCfg = Debug|Any CPU
		{23EF32E9-D7E2-4AF9-8F1A-A68C1C18711A}.Debug|Any CPU.Build.0 = Debug|Any CPU
		{23EF32E9-D7E2-4AF9-8F1A-A68C1C18711A}.Release|Any CPU.ActiveCfg = Release|Any CPU
		{23EF32E9-D7E2-4AF9-8F1A-A68C1C18711A}.Release|Any CPU.Build.0 = Release|Any CPU
		{614B5871-4421-45A1-91DC-3B58E0329C24}.Debug|Any CPU.ActiveCfg = Debug|Any CPU
		{614B5871-4421-45A1-91DC-3B58E0329C24}.Debug|Any CPU.Build.0 = Debug|Any CPU
		{614B5871-4421-45A1-91DC-3B58E0329C24}.Release|Any CPU.ActiveCfg = Release|Any CPU
		{614B5871-4421-45A1-91DC-3B58E0329C24}.Release|Any CPU.Build.0 = Release|Any CPU
		{7A7369E8-7D1D-4C4E-A798-07AC695BBB8F}.Debug|Any CPU.ActiveCfg = Debug|Any CPU
		{7A7369E8-7D1D-4C4E-A798-07AC695BBB8F}.Debug|Any CPU.Build.0 = Debug|Any CPU
		{7A7369E8-7D1D-4C4E-A798-07AC695BBB8F}.Release|Any CPU.ActiveCfg = Release|Any CPU
		{7A7369E8-7D1D-4C4E-A798-07AC695BBB8F}.Release|Any CPU.Build.0 = Release|Any CPU
		{661854A6-EA3C-4896-B7BE-B55E62D08D2E}.Debug|Any CPU.ActiveCfg = Debug|Any CPU
		{661854A6-EA3C-4896-B7BE-B55E62D08D2E}.Debug|Any CPU.Build.0 = Debug|Any CPU
		{661854A6-EA3C-4896-B7BE-B55E62D08D2E}.Release|Any CPU.ActiveCfg = Release|Any CPU
		{661854A6-EA3C-4896-B7BE-B55E62D08D2E}.Release|Any CPU.Build.0 = Release|Any CPU
		{E0B2E030-88D8-40D2-8905-10F2407B67A7}.Debug|Any CPU.ActiveCfg = Debug|Any CPU
		{E0B2E030-88D8-40D2-8905-10F2407B67A7}.Debug|Any CPU.Build.0 = Debug|Any CPU
		{E0B2E030-88D8-40D2-8905-10F2407B67A7}.Release|Any CPU.ActiveCfg = Release|Any CPU
		{E0B2E030-88D8-40D2-8905-10F2407B67A7}.Release|Any CPU.Build.0 = Release|Any CPU
		{A2F7A36C-03B4-4057-ABC0-694087C4B567}.Debug|Any CPU.ActiveCfg = Debug|Any CPU
		{A2F7A36C-03B4-4057-ABC0-694087C4B567}.Debug|Any CPU.Build.0 = Debug|Any CPU
		{A2F7A36C-03B4-4057-ABC0-694087C4B567}.Release|Any CPU.ActiveCfg = Release|Any CPU
		{A2F7A36C-03B4-4057-ABC0-694087C4B567}.Release|Any CPU.Build.0 = Release|Any CPU
		{4C22BDE7-F863-48FE-9356-B27901315EBF}.Debug|Any CPU.ActiveCfg = Debug|Any CPU
		{4C22BDE7-F863-48FE-9356-B27901315EBF}.Debug|Any CPU.Build.0 = Debug|Any CPU
		{4C22BDE7-F863-48FE-9356-B27901315EBF}.Release|Any CPU.ActiveCfg = Release|Any CPU
		{4C22BDE7-F863-48FE-9356-B27901315EBF}.Release|Any CPU.Build.0 = Release|Any CPU
	EndGlobalSection
	GlobalSection(SolutionProperties) = preSolution
		HideSolutionNode = FALSE
	EndGlobalSection
EndGlobal
