
Microsoft Visual Studio Solution File, Format Version 12.00
# Visual Studio 14
VisualStudioVersion = 14.0.25123.0
MinimumVisualStudioVersion = 10.0.40219.1
Project("{FAE04EC0-301F-11D3-BF4B-00C04F79EFBC}") = "NSUtils", "NSUtils\NSUtils.csproj", "{BE6A545F-A97F-4598-A47D-820CFCCE39DE}"
EndProject
Project("{FAE04EC0-301F-11D3-BF4B-00C04F79EFBC}") = "NSUtils.Mvx", "NSUtilsMvx\NSUtils.Mvx.csproj", "{1B8E8FE6-6AD2-44E6-879B-538A9D0E8764}"
EndProject
Project("{FAE04EC0-301F-11D3-BF4B-00C04F79EFBC}") = "NSUtils.Droid", "NSUtils.Droid\NSUtils.Droid.csproj", "{23EF32E9-D7E2-4AF9-8F1A-A68C1C18711A}"
EndProject
Project("{FAE04EC0-301F-11D3-BF4B-00C04F79EFBC}") = "NSUtils.Droid.Mvx", "NSUtils.Droid.Mvx\NSUtils.Droid.Mvx.csproj", "{614B5871-4421-45A1-91DC-3B58E0329C24}"
EndProject
Global
	GlobalSection(SolutionConfigurationPlatforms) = preSolution
		Debug|Any CPU = Debug|Any CPU
		Release|Any CPU = Release|Any CPU
	EndGlobalSection
	GlobalSection(ProjectConfigurationPlatforms) = postSolution
		{BE6A545F-A97F-4598-A47D-820CFCCE39DE}.Debug|Any CPU.ActiveCfg = Debug|Any CPU
		{BE6A545F-A97F-4598-A47D-820CFCCE39DE}.Debug|Any CPU.Build.0 = Debug|Any CPU
		{BE6A545F-A97F-4598-A47D-820CFCCE39DE}.Release|Any CPU.ActiveCfg = Release|Any CPU
		{BE6A545F-A97F-4598-A47D-820CFCCE39DE}.Release|Any CPU.Build.0 = Release|Any CPU
		{1B8E8FE6-6AD2-44E6-879B-538A9D0E8764}.Debug|Any CPU.ActiveCfg = Debug|Any CPU
		{1B8E8FE6-6AD2-44E6-879B-538A9D0E8764}.Debug|Any CPU.Build.0 = Debug|Any CPU
		{1B8E8FE6-6AD2-44E6-879B-538A9D0E8764}.Release|Any CPU.ActiveCfg = Release|Any CPU
		{1B8E8FE6-6AD2-44E6-879B-538A9D0E8764}.Release|Any CPU.Build.0 = Release|Any CPU
		{23EF32E9-D7E2-4AF9-8F1A-A68C1C18711A}.Debug|Any CPU.ActiveCfg = Debug|Any CPU
		{23EF32E9-D7E2-4AF9-8F1A-A68C1C18711A}.Debug|Any CPU.Build.0 = Debug|Any CPU
		{23EF32E9-D7E2-4AF9-8F1A-A68C1C18711A}.Release|Any CPU.ActiveCfg = Release|Any CPU
		{23EF32E9-D7E2-4AF9-8F1A-A68C1C18711A}.Release|Any CPU.Build.0 = Release|Any CPU
		{614B5871-4421-45A1-91DC-3B58E0329C24}.Debug|Any CPU.ActiveCfg = Debug|Any CPU
		{614B5871-4421-45A1-91DC-3B58E0329C24}.Debug|Any CPU.Build.0 = Debug|Any CPU
		{614B5871-4421-45A1-91DC-3B58E0329C24}.Release|Any CPU.ActiveCfg = Release|Any CPU
		{614B5871-4421-45A1-91DC-3B58E0329C24}.Release|Any CPU.Build.0 = Release|Any CPU
	EndGlobalSection
	GlobalSection(SolutionProperties) = preSolution
		HideSolutionNode = FALSE
	EndGlobalSection
EndGlobal
